# This file is automatically @generated by Cargo.
# It is not intended for manual editing.
version = 3

[[package]]
name = "crab-bin"
version = "0.1.0"
dependencies = [
 "crab1",
 "crab2",
 "crab4",
 "pmacro1",
]

[[package]]
name = "crab1"
version = "0.1.0"

[[package]]
name = "crab2"
version = "0.1.0"
dependencies = [
 "crab3",
]

[[package]]
name = "crab3"
version = "0.1.0"
dependencies = [
 "crab1",
]

[[package]]
name = "crab4"
version = "0.1.0"

[[package]]
name = "pmacro1"
version = "0.1.0"
