# This file is automatically @generated by Cargo.
# It is not intended for manual editing.
version = 3

[[package]]
name = "crab-bin"
version = "0.1.0"
dependencies = [
 "crab1",
 "crab2",
 "crab4",
 "crab6",
 "crab7",
 "crab8",
 "pmacro1",
]

[[package]]
name = "crab1"
version = "0.1.0"
dependencies = [
 "crab5",
]

[[package]]
name = "crab2"
version = "0.1.0"
dependencies = [
 "crab3",
]

[[package]]
name = "crab3"
version = "0.1.0"
dependencies = [
 "crab1",
]

[[package]]
name = "crab4"
version = "0.1.0"
dependencies = [
 "crab5",
]

[[package]]
name = "crab5"
version = "0.1.0"

[[package]]
name = "crab6"
version = "0.1.0"

[[package]]
name = "crab7"
version = "0.1.0"

[[package]]
name = "crab8"
version = "0.1.0"
dependencies = [
 "crab1",
 "crab6",
]

[[package]]
name = "pmacro1"
version = "0.1.0"

[[package]]
name = "shared1"
version = "0.1.0"
dependencies = [
 "crab1",
 "crab2",
]
