# This file is automatically @generated by Cargo.
# It is not intended for manual editing.
version = 3

[[package]]
name = "crab-1"
version = "0.1.0"
dependencies = [
 "crab-5",
]

[[package]]
name = "crab-10"
version = "0.1.0"

[[package]]
name = "crab-11"
version = "0.1.0"

[[package]]
name = "crab-2"
version = "0.1.0"
dependencies = [
 "crab-3 0.1.0",
]

[[package]]
name = "crab-3"
version = "0.1.0"
dependencies = [
 "crab-1",
]

[[package]]
name = "crab-3"
version = "2.0.0"

[[package]]
name = "crab-4"
version = "0.1.0"
dependencies = [
 "crab-5",
]

[[package]]
name = "crab-5"
version = "0.1.0"

[[package]]
name = "crab-6"
version = "0.1.0"
dependencies = [
 "crab-5",
]

[[package]]
name = "crab-7"
version = "0.1.0"

[[package]]
name = "crab-8"
version = "0.1.0"
dependencies = [
 "crab-1",
 "crab-6",
]

[[package]]
name = "crab-9"
version = "0.1.0"

[[package]]
name = "crab-bin"
version = "0.1.0"
dependencies = [
 "crab-1",
 "crab-2",
 "crab-3 2.0.0",
 "crab-4",
 "crab-6",
 "crab-7",
 "crab-8",
 "pmacro-1",
 "res-1",
]

[[package]]
name = "pmacro-1"
version = "0.1.0"

[[package]]
name = "res-1"
version = "0.1.0"
dependencies = [
 "crab-6",
]

[[package]]
name = "shared-1"
version = "0.1.0"
dependencies = [
 "crab-1",
 "crab-2",
]
