# This file is automatically @generated by Cargo.
# It is not intended for manual editing.
version = 3

[[package]]
name = "always-assert"
version = "0.1.2"
source = "registry+https://github.com/rust-lang/crates.io-index"
checksum = "fbf688625d06217d5b1bb0ea9d9c44a1635fd0ee3534466388d18203174f4d11"
dependencies = [
 "log",
]

[[package]]
name = "anstream"
version = "0.2.6"
source = "registry+https://github.com/rust-lang/crates.io-index"
checksum = "342258dd14006105c2b75ab1bd7543a03bdf0cfc94383303ac212a04939dff6f"
dependencies = [
 "anstyle",
 "anstyle-parse",
 "anstyle-wincon",
 "concolor-override",
 "concolor-query",
 "is-terminal",
 "utf8parse",
]

[[package]]
name = "anstyle"
version = "0.3.5"
source = "registry+https://github.com/rust-lang/crates.io-index"
checksum = "23ea9e81bd02e310c216d080f6223c179012256e5151c41db88d12c88a1684d2"

[[package]]
name = "anstyle-parse"
version = "0.1.1"
source = "registry+https://github.com/rust-lang/crates.io-index"
checksum = "a7d1bb534e9efed14f3e5f44e7dd1a4f709384023a4165199a4241e18dff0116"
dependencies = [
 "utf8parse",
]

[[package]]
name = "anstyle-wincon"
version = "0.2.0"
source = "registry+https://github.com/rust-lang/crates.io-index"
checksum = "c3127af6145b149f3287bb9a0d10ad9c5692dba8c53ad48285e5bec4063834fa"
dependencies = [
 "anstyle",
 "windows-sys 0.45.0",
]

[[package]]
name = "anyhow"
version = "1.0.70"
source = "registry+https://github.com/rust-lang/crates.io-index"
checksum = "7de8ce5e0f9f8d88245311066a578d72b7af3e7088f32783804676302df237e4"

[[package]]
name = "anymap"
version = "1.0.0-beta.2"
source = "registry+https://github.com/rust-lang/crates.io-index"
checksum = "8f1f8f5a6f3d50d89e3797d7593a50f96bb2aaa20ca0cc7be1fb673232c91d72"

[[package]]
name = "arrayvec"
version = "0.7.2"
source = "registry+https://github.com/rust-lang/crates.io-index"
checksum = "8da52d66c7071e2e3fa2a1e5c6d088fec47b593032b254f5e980de8ea54454d6"

[[package]]
name = "autocfg"
version = "1.1.0"
source = "registry+https://github.com/rust-lang/crates.io-index"
checksum = "d468802bab17cbc0cc575e9b053f41e72aa36bfa6b7f55e3529ffa43161b97fa"

[[package]]
name = "bitflags"
version = "1.3.2"
source = "registry+https://github.com/rust-lang/crates.io-index"
checksum = "bef38d45163c2f1dde094a7dfd33ccf595c92905c8f8f4fdc18d06fb1037718a"

[[package]]
name = "cackle"
version = "0.0.0"
dependencies = [
 "anyhow",
 "clap",
 "ra_ap_base_db",
 "ra_ap_hir",
 "ra_ap_ide",
 "ra_ap_ide_db",
 "ra_ap_paths",
 "ra_ap_project_model",
 "ra_ap_syntax",
 "ra_ap_vfs",
 "ra_ap_vfs-notify",
 "serde",
 "toml",
]

[[package]]
name = "camino"
version = "1.0.7"
source = "registry+https://github.com/rust-lang/crates.io-index"
checksum = "6f3132262930b0522068049f5870a856ab8affc80c70d08b6ecb785771a6fc23"
dependencies = [
 "serde",
]

[[package]]
name = "cargo-platform"
version = "0.1.2"
source = "registry+https://github.com/rust-lang/crates.io-index"
checksum = "cbdb825da8a5df079a43676dbe042702f1707b1109f713a01420fbb4cc71fa27"
dependencies = [
 "serde",
]

[[package]]
name = "cargo_metadata"
version = "0.15.0"
source = "registry+https://github.com/rust-lang/crates.io-index"
checksum = "3abb7553d5b9b8421c6de7cb02606ff15e0c6eea7d8eadd75ef013fd636bec36"
dependencies = [
 "camino",
 "cargo-platform",
 "semver",
 "serde",
 "serde_json",
]

[[package]]
name = "cc"
version = "1.0.79"
source = "registry+https://github.com/rust-lang/crates.io-index"
checksum = "50d30906286121d95be3d479533b458f87493b30a4b5f79a607db8f5d11aa91f"

[[package]]
name = "cfg-if"
version = "1.0.0"
source = "registry+https://github.com/rust-lang/crates.io-index"
checksum = "baf1de4339761588bc0619e3cbc0120ee582ebb74b53b4efbf79117bd2da40fd"

[[package]]
name = "chalk-derive"
version = "0.88.0"
source = "registry+https://github.com/rust-lang/crates.io-index"
checksum = "4df80a3fbc1f0e59f560eeeebca94bf655566a8ad3023c210a109deb6056455a"
dependencies = [
 "proc-macro2",
 "quote",
 "syn 1.0.91",
 "synstructure",
]

[[package]]
name = "chalk-ir"
version = "0.88.0"
source = "registry+https://github.com/rust-lang/crates.io-index"
checksum = "f39e5272016916956298cceea5147006f897972c274a768ed4d6e074efe5d3fb"
dependencies = [
 "bitflags",
 "chalk-derive",
 "lazy_static",
]

[[package]]
name = "chalk-recursive"
version = "0.88.0"
source = "registry+https://github.com/rust-lang/crates.io-index"
checksum = "d9d60b42ad7478d3e027e2f9ea4e99fbbb8fdee0c8c3cf068be269f57e603618"
dependencies = [
 "chalk-derive",
 "chalk-ir",
 "chalk-solve",
 "rustc-hash",
 "tracing",
]

[[package]]
name = "chalk-solve"
version = "0.88.0"
source = "registry+https://github.com/rust-lang/crates.io-index"
checksum = "ab30620ea5b36819525eaab2204f4b8e1842fc7ee36826424a28bef59ae7fecf"
dependencies = [
 "chalk-derive",
 "chalk-ir",
 "ena",
 "indexmap",
 "itertools",
 "petgraph",
 "rustc-hash",
 "tracing",
]

[[package]]
name = "clap"
version = "4.2.1"
source = "registry+https://github.com/rust-lang/crates.io-index"
checksum = "046ae530c528f252094e4a77886ee1374437744b2bff1497aa898bbddbbb29b3"
dependencies = [
 "clap_builder",
 "clap_derive",
 "once_cell",
]

[[package]]
name = "clap_builder"
version = "4.2.1"
source = "registry+https://github.com/rust-lang/crates.io-index"
checksum = "223163f58c9a40c3b0a43e1c4b50a9ce09f007ea2cb1ec258a687945b4b7929f"
dependencies = [
 "anstream",
 "anstyle",
 "bitflags",
 "clap_lex",
 "strsim",
]

[[package]]
name = "clap_derive"
version = "4.2.0"
source = "registry+https://github.com/rust-lang/crates.io-index"
checksum = "3f9644cd56d6b87dbe899ef8b053e331c0637664e9e21a33dfcdc36093f5c5c4"
dependencies = [
 "heck 0.4.1",
 "proc-macro2",
 "quote",
 "syn 2.0.11",
]

[[package]]
name = "clap_lex"
version = "0.4.1"
source = "registry+https://github.com/rust-lang/crates.io-index"
checksum = "8a2dd5a6fe8c6e3502f568a6353e5273bbb15193ad9a89e457b9970798efbea1"

[[package]]
name = "concolor-override"
version = "1.0.0"
source = "registry+https://github.com/rust-lang/crates.io-index"
checksum = "a855d4a1978dc52fb0536a04d384c2c0c1aa273597f08b77c8c4d3b2eec6037f"

[[package]]
name = "concolor-query"
version = "0.3.3"
source = "registry+https://github.com/rust-lang/crates.io-index"
checksum = "88d11d52c3d7ca2e6d0040212be9e4dbbcd78b6447f535b6b561f449427944cf"
dependencies = [
 "windows-sys 0.45.0",
]

[[package]]
name = "countme"
version = "3.0.1"
source = "registry+https://github.com/rust-lang/crates.io-index"
checksum = "7704b5fdd17b18ae31c4c1da5a2e0305a2bf17b5249300a9ee9ed7b72114c636"
dependencies = [
 "dashmap",
 "once_cell",
 "rustc-hash",
]

[[package]]
name = "cov-mark"
version = "2.0.0-pre.1"
source = "registry+https://github.com/rust-lang/crates.io-index"
checksum = "0d48d8f76bd9331f19fe2aaf3821a9f9fb32c3963e1e3d6ce82a8c09cef7444a"

[[package]]
name = "crossbeam-channel"
version = "0.5.5"
source = "registry+https://github.com/rust-lang/crates.io-index"
checksum = "4c02a4d71819009c192cf4872265391563fd6a84c81ff2c0f2a7026ca4c1d85c"
dependencies = [
 "cfg-if",
 "crossbeam-utils",
]

[[package]]
name = "crossbeam-deque"
version = "0.8.1"
source = "registry+https://github.com/rust-lang/crates.io-index"
checksum = "6455c0ca19f0d2fbf751b908d5c55c1f5cbc65e03c4225427254b46890bdde1e"
dependencies = [
 "cfg-if",
 "crossbeam-epoch",
 "crossbeam-utils",
]

[[package]]
name = "crossbeam-epoch"
version = "0.9.8"
source = "registry+https://github.com/rust-lang/crates.io-index"
checksum = "1145cf131a2c6ba0615079ab6a638f7e1973ac9c2634fcbeaaad6114246efe8c"
dependencies = [
 "autocfg",
 "cfg-if",
 "crossbeam-utils",
 "lazy_static",
 "memoffset 0.6.5",
 "scopeguard",
]

[[package]]
name = "crossbeam-utils"
version = "0.8.8"
source = "registry+https://github.com/rust-lang/crates.io-index"
checksum = "0bf124c720b7686e3c2663cf54062ab0f68a88af2fb6a030e87e30bf721fcb38"
dependencies = [
 "cfg-if",
 "lazy_static",
]

[[package]]
name = "dashmap"
version = "5.4.0"
source = "registry+https://github.com/rust-lang/crates.io-index"
checksum = "907076dfda823b0b36d2a1bb5f90c96660a5bbcd7729e10727f07858f22c4edc"
dependencies = [
 "cfg-if",
 "hashbrown",
 "lock_api",
 "once_cell",
 "parking_lot_core 0.9.3",
]

[[package]]
name = "dissimilar"
version = "1.0.4"
source = "registry+https://github.com/rust-lang/crates.io-index"
checksum = "8c97b9233581d84b8e1e689cdd3a47b6f69770084fc246e86a7f78b0d9c1d4a5"

[[package]]
name = "dot"
version = "0.1.4"
source = "registry+https://github.com/rust-lang/crates.io-index"
checksum = "a74b6c4d4a1cff5f454164363c16b72fa12463ca6b31f4b5f2035a65fa3d5906"

[[package]]
name = "drop_bomb"
version = "0.1.5"
source = "registry+https://github.com/rust-lang/crates.io-index"
checksum = "9bda8e21c04aca2ae33ffc2fd8c23134f3cac46db123ba97bd9d3f3b8a4a85e1"

[[package]]
name = "either"
version = "1.7.0"
source = "registry+https://github.com/rust-lang/crates.io-index"
checksum = "3f107b87b6afc2a64fd13cac55fe06d6c8859f12d4b14cbcdd2c67d0976781be"

[[package]]
name = "ena"
version = "0.14.0"
source = "registry+https://github.com/rust-lang/crates.io-index"
checksum = "d7402b94a93c24e742487327a7cd839dc9d36fec9de9fb25b09f2dae459f36c3"
dependencies = [
 "log",
]

[[package]]
name = "errno"
version = "0.3.0"
source = "registry+https://github.com/rust-lang/crates.io-index"
checksum = "50d6a0976c999d473fe89ad888d5a284e55366d9dc9038b1ba2aa15128c4afa0"
dependencies = [
 "errno-dragonfly",
 "libc",
 "windows-sys 0.45.0",
]

[[package]]
name = "errno-dragonfly"
version = "0.1.2"
source = "registry+https://github.com/rust-lang/crates.io-index"
checksum = "aa68f1b12764fab894d2755d2518754e71b4fd80ecfb822714a1206c2aab39bf"
dependencies = [
 "cc",
 "libc",
]

[[package]]
name = "filetime"
version = "0.2.17"
source = "registry+https://github.com/rust-lang/crates.io-index"
checksum = "e94a7bbaa59354bc20dd75b67f23e2797b4490e9d6928203fb105c79e448c86c"
dependencies = [
 "cfg-if",
 "libc",
 "redox_syscall",
 "windows-sys 0.36.1",
]

[[package]]
name = "fixedbitset"
version = "0.2.0"
source = "registry+https://github.com/rust-lang/crates.io-index"
checksum = "37ab347416e802de484e4d03c7316c48f1ecb56574dfd4a46a80f173ce1de04d"

[[package]]
name = "form_urlencoded"
version = "1.1.0"
source = "registry+https://github.com/rust-lang/crates.io-index"
checksum = "a9c384f161156f5260c24a097c56119f9be8c798586aecc13afbcbe7b7e26bf8"
dependencies = [
 "percent-encoding",
]

[[package]]
name = "fsevent-sys"
version = "4.1.0"
source = "registry+https://github.com/rust-lang/crates.io-index"
checksum = "76ee7a02da4d231650c7cea31349b889be2f45ddb3ef3032d2ec8185f6313fd2"
dependencies = [
 "libc",
]

[[package]]
name = "fst"
version = "0.4.7"
source = "registry+https://github.com/rust-lang/crates.io-index"
checksum = "7ab85b9b05e3978cc9a9cf8fea7f01b494e1a09ed3037e16ba39edc7a29eb61a"

[[package]]
name = "hashbrown"
version = "0.12.3"
source = "registry+https://github.com/rust-lang/crates.io-index"
checksum = "8a9ee70c43aaf417c914396645a0fa852624801b24ebb7ae78fe8272889ac888"

[[package]]
name = "heck"
version = "0.3.3"
source = "registry+https://github.com/rust-lang/crates.io-index"
checksum = "6d621efb26863f0e9924c6ac577e8275e5e6b77455db64ffa6c65c904e9e132c"
dependencies = [
 "unicode-segmentation",
]

[[package]]
name = "heck"
version = "0.4.1"
source = "registry+https://github.com/rust-lang/crates.io-index"
checksum = "95505c38b4572b2d910cecb0281560f54b440a19336cbbcb27bf6ce6adc6f5a8"

[[package]]
name = "hermit-abi"
version = "0.1.19"
source = "registry+https://github.com/rust-lang/crates.io-index"
checksum = "62b467343b94ba476dcb2500d242dadbb39557df889310ac77c5d99100aaac33"
dependencies = [
 "libc",
]

[[package]]
name = "hermit-abi"
version = "0.3.1"
source = "registry+https://github.com/rust-lang/crates.io-index"
checksum = "fed44880c466736ef9a5c5b5facefb5ed0785676d0c02d612db14e54f0d84286"

[[package]]
name = "hkalbasi-rustc-ap-rustc_abi"
version = "0.0.20221221"
source = "registry+https://github.com/rust-lang/crates.io-index"
checksum = "adabaadad9aa7576f97af02241cdf5554d62fb3d51a84cb05d77ba28edd3013f"
dependencies = [
 "bitflags",
 "hkalbasi-rustc-ap-rustc_index",
 "tracing",
]

[[package]]
name = "hkalbasi-rustc-ap-rustc_index"
version = "0.0.20221221"
source = "registry+https://github.com/rust-lang/crates.io-index"
checksum = "f4d3c48474e09afb0f5efbd6f758e05411699301a113c47d454d28ec7059d00e"
dependencies = [
 "arrayvec",
 "smallvec",
]

[[package]]
name = "home"
version = "0.5.4"
source = "registry+https://github.com/rust-lang/crates.io-index"
checksum = "747309b4b440c06d57b0b25f2aee03ee9b5e5397d288c60e21fc709bb98a7408"
dependencies = [
 "winapi",
]

[[package]]
name = "idna"
version = "0.3.0"
source = "registry+https://github.com/rust-lang/crates.io-index"
checksum = "e14ddfc70884202db2244c223200c204c2bda1bc6e0998d11b5e024d657209e6"
dependencies = [
 "unicode-bidi",
 "unicode-normalization",
]

[[package]]
name = "indexmap"
version = "1.9.1"
source = "registry+https://github.com/rust-lang/crates.io-index"
checksum = "10a35a97730320ffe8e2d410b5d3b69279b98d2c14bdb8b70ea89ecf7888d41e"
dependencies = [
 "autocfg",
 "hashbrown",
]

[[package]]
name = "inotify"
version = "0.9.6"
source = "registry+https://github.com/rust-lang/crates.io-index"
checksum = "f8069d3ec154eb856955c1c0fbffefbf5f3c40a104ec912d4797314c1801abff"
dependencies = [
 "bitflags",
 "inotify-sys",
 "libc",
]

[[package]]
name = "inotify-sys"
version = "0.1.5"
source = "registry+https://github.com/rust-lang/crates.io-index"
checksum = "e05c02b5e89bff3b946cedeca278abc628fe811e604f027c45a8aa3cf793d0eb"
dependencies = [
 "libc",
]

[[package]]
name = "instant"
version = "0.1.12"
source = "registry+https://github.com/rust-lang/crates.io-index"
checksum = "7a5bbe824c507c5da5956355e86a746d82e0e1464f65d862cc5e71da70e94b2c"
dependencies = [
 "cfg-if",
]

[[package]]
name = "io-lifetimes"
version = "1.0.9"
source = "registry+https://github.com/rust-lang/crates.io-index"
checksum = "09270fd4fa1111bc614ed2246c7ef56239a3063d5be0d1ec3b589c505d400aeb"
dependencies = [
 "hermit-abi 0.3.1",
 "libc",
 "windows-sys 0.45.0",
]

[[package]]
name = "is-terminal"
version = "0.4.6"
source = "registry+https://github.com/rust-lang/crates.io-index"
checksum = "256017f749ab3117e93acb91063009e1f1bb56d03965b14c2c8df4eb02c524d8"
dependencies = [
 "hermit-abi 0.3.1",
 "io-lifetimes",
 "rustix",
 "windows-sys 0.45.0",
]

[[package]]
name = "itertools"
version = "0.10.5"
source = "registry+https://github.com/rust-lang/crates.io-index"
checksum = "b0fd2260e829bddf4cb6ea802289de2f86d6a7a690192fbe91b3f46e0f2c8473"
dependencies = [
 "either",
]

[[package]]
name = "itoa"
version = "1.0.1"
source = "registry+https://github.com/rust-lang/crates.io-index"
checksum = "1aab8fc367588b89dcee83ab0fd66b72b50b72fa1904d7095045ace2b0c81c35"

[[package]]
name = "jod-thread"
version = "0.1.2"
source = "registry+https://github.com/rust-lang/crates.io-index"
checksum = "8b23360e99b8717f20aaa4598f5a6541efbe30630039fbc7706cf954a87947ae"

[[package]]
name = "kqueue"
version = "1.0.6"
source = "registry+https://github.com/rust-lang/crates.io-index"
checksum = "4d6112e8f37b59803ac47a42d14f1f3a59bbf72fc6857ffc5be455e28a691f8e"
dependencies = [
 "kqueue-sys",
 "libc",
]

[[package]]
name = "kqueue-sys"
version = "1.0.3"
source = "registry+https://github.com/rust-lang/crates.io-index"
checksum = "8367585489f01bc55dd27404dcf56b95e6da061a256a666ab23be9ba96a2e587"
dependencies = [
 "bitflags",
 "libc",
]

[[package]]
name = "lazy_static"
version = "1.4.0"
source = "registry+https://github.com/rust-lang/crates.io-index"
checksum = "e2abad23fbc42b3700f2f279844dc832adb2b2eb069b2df918f455c4e18cc646"

[[package]]
name = "libc"
version = "0.2.140"
source = "registry+https://github.com/rust-lang/crates.io-index"
checksum = "99227334921fae1a979cf0bfdfcc6b3e5ce376ef57e16fb6fb3ea2ed6095f80c"

[[package]]
name = "linux-raw-sys"
version = "0.3.0"
source = "registry+https://github.com/rust-lang/crates.io-index"
checksum = "cd550e73688e6d578f0ac2119e32b797a327631a42f9433e59d02e139c8df60d"

[[package]]
name = "lock_api"
version = "0.4.9"
source = "registry+https://github.com/rust-lang/crates.io-index"
checksum = "435011366fe56583b16cf956f9df0095b405b82d76425bc8981c0e22e60ec4df"
dependencies = [
 "autocfg",
 "scopeguard",
]

[[package]]
name = "log"
version = "0.4.16"
source = "registry+https://github.com/rust-lang/crates.io-index"
checksum = "6389c490849ff5bc16be905ae24bc913a9c8892e19b2341dbc175e14c341c2b8"
dependencies = [
 "cfg-if",
]

[[package]]
name = "memchr"
version = "2.5.0"
source = "registry+https://github.com/rust-lang/crates.io-index"
checksum = "2dffe52ecf27772e601905b7522cb4ef790d2cc203488bbd0e2fe85fcb74566d"

[[package]]
name = "memoffset"
version = "0.6.5"
source = "registry+https://github.com/rust-lang/crates.io-index"
checksum = "5aa361d4faea93603064a027415f07bd8e1d5c88c9fbf68bf56a285428fd79ce"
dependencies = [
 "autocfg",
]

[[package]]
name = "memoffset"
version = "0.8.0"
source = "registry+https://github.com/rust-lang/crates.io-index"
checksum = "d61c719bcfbcf5d62b3a09efa6088de8c54bc0bfcd3ea7ae39fcc186108b8de1"
dependencies = [
 "autocfg",
]

[[package]]
name = "mio"
version = "0.8.4"
source = "registry+https://github.com/rust-lang/crates.io-index"
checksum = "57ee1c23c7c63b0c9250c339ffdc69255f110b298b901b9f6c82547b7b87caaf"
dependencies = [
 "libc",
 "log",
 "wasi",
 "windows-sys 0.36.1",
]

[[package]]
name = "miow"
version = "0.5.0"
source = "registry+https://github.com/rust-lang/crates.io-index"
checksum = "52ffbca2f655e33c08be35d87278e5b18b89550a37dbd598c20db92f6a471123"
dependencies = [
 "windows-sys 0.42.0",
]

[[package]]
name = "notify"
version = "5.1.0"
source = "registry+https://github.com/rust-lang/crates.io-index"
checksum = "58ea850aa68a06e48fdb069c0ec44d0d64c8dbffa49bf3b6f7f0a901fdea1ba9"
dependencies = [
 "bitflags",
 "crossbeam-channel",
 "filetime",
 "fsevent-sys",
 "inotify",
 "kqueue",
 "libc",
 "mio",
 "walkdir",
 "windows-sys 0.42.0",
]

[[package]]
name = "num_cpus"
version = "1.13.1"
source = "registry+https://github.com/rust-lang/crates.io-index"
checksum = "19e64526ebdee182341572e50e9ad03965aa510cd94427a4549448f285e957a1"
dependencies = [
 "hermit-abi 0.1.19",
 "libc",
]

[[package]]
name = "once_cell"
version = "1.17.1"
source = "registry+https://github.com/rust-lang/crates.io-index"
checksum = "b7e5500299e16ebb147ae15a00a942af264cf3688f47923b8fc2cd5858f23ad3"

[[package]]
name = "oorandom"
version = "11.1.3"
source = "registry+https://github.com/rust-lang/crates.io-index"
checksum = "0ab1bc2a289d34bd04a330323ac98a1b4bc82c9d9fcb1e66b63caa84da26b575"

[[package]]
name = "parking_lot"
version = "0.11.2"
source = "registry+https://github.com/rust-lang/crates.io-index"
checksum = "7d17b78036a60663b797adeaee46f5c9dfebb86948d1255007a1d6be0271ff99"
dependencies = [
 "instant",
 "lock_api",
 "parking_lot_core 0.8.5",
]

[[package]]
name = "parking_lot_core"
version = "0.8.5"
source = "registry+https://github.com/rust-lang/crates.io-index"
checksum = "d76e8e1493bcac0d2766c42737f34458f1c8c50c0d23bcb24ea953affb273216"
dependencies = [
 "cfg-if",
 "instant",
 "libc",
 "redox_syscall",
 "smallvec",
 "winapi",
]

[[package]]
name = "parking_lot_core"
version = "0.9.3"
source = "registry+https://github.com/rust-lang/crates.io-index"
checksum = "09a279cbf25cb0757810394fbc1e359949b59e348145c643a939a525692e6929"
dependencies = [
 "cfg-if",
 "libc",
 "redox_syscall",
 "smallvec",
 "windows-sys 0.36.1",
]

[[package]]
name = "percent-encoding"
version = "2.2.0"
source = "registry+https://github.com/rust-lang/crates.io-index"
checksum = "478c572c3d73181ff3c2539045f6eb99e5491218eae919370993b890cdbdd98e"

[[package]]
name = "perf-event"
version = "0.4.7"
source = "registry+https://github.com/rust-lang/crates.io-index"
checksum = "5396562cd2eaa828445d6d34258ae21ee1eb9d40fe626ca7f51c8dccb4af9d66"
dependencies = [
 "libc",
 "perf-event-open-sys",
]

[[package]]
name = "perf-event-open-sys"
version = "1.0.1"
source = "registry+https://github.com/rust-lang/crates.io-index"
checksum = "ce9bedf5da2c234fdf2391ede2b90fabf585355f33100689bc364a3ea558561a"
dependencies = [
 "libc",
]

[[package]]
name = "petgraph"
version = "0.5.1"
source = "registry+https://github.com/rust-lang/crates.io-index"
checksum = "467d164a6de56270bd7c4d070df81d07beace25012d5103ced4e9ff08d6afdb7"
dependencies = [
 "fixedbitset",
 "indexmap",
]

[[package]]
name = "pin-project-lite"
version = "0.2.8"
source = "registry+https://github.com/rust-lang/crates.io-index"
checksum = "e280fbe77cc62c91527259e9442153f4688736748d24660126286329742b4c6c"

[[package]]
name = "proc-macro2"
version = "1.0.54"
source = "registry+https://github.com/rust-lang/crates.io-index"
checksum = "e472a104799c74b514a57226160104aa483546de37e839ec50e3c2e41dd87534"
dependencies = [
 "unicode-ident",
]

[[package]]
name = "pulldown-cmark"
version = "0.9.1"
source = "registry+https://github.com/rust-lang/crates.io-index"
checksum = "34f197a544b0c9ab3ae46c359a7ec9cbbb5c7bf97054266fecb7ead794a181d6"
dependencies = [
 "bitflags",
 "memchr",
 "unicase",
]

[[package]]
name = "pulldown-cmark-to-cmark"
version = "10.0.4"
source = "registry+https://github.com/rust-lang/crates.io-index"
checksum = "0194e6e1966c23cc5fd988714f85b18d548d773e81965413555d96569931833d"
dependencies = [
 "pulldown-cmark",
]

[[package]]
name = "quote"
version = "1.0.26"
source = "registry+https://github.com/rust-lang/crates.io-index"
checksum = "4424af4bf778aae2051a77b60283332f386554255d722233d09fbfc7e30da2fc"
dependencies = [
 "proc-macro2",
]

[[package]]
name = "ra_ap_base_db"
version = "0.0.149"
source = "registry+https://github.com/rust-lang/crates.io-index"
checksum = "749b321b0215468617f0d4be48cb4bda45b05bb6795b88c30617dbb7f2d0dbe6"
dependencies = [
 "ra_ap_cfg",
 "ra_ap_profile",
 "ra_ap_stdx",
 "ra_ap_syntax",
 "ra_ap_test_utils",
 "ra_ap_tt",
 "ra_ap_vfs",
 "rustc-hash",
 "salsa",
]

[[package]]
name = "ra_ap_cfg"
version = "0.0.149"
source = "registry+https://github.com/rust-lang/crates.io-index"
checksum = "e3138e8f1ab3fa4ec60f7d318d7ef085f8a174fcfbe4c818b59785b84bf86e93"
dependencies = [
 "ra_ap_tt",
 "rustc-hash",
]

[[package]]
name = "ra_ap_hir"
version = "0.0.149"
source = "registry+https://github.com/rust-lang/crates.io-index"
checksum = "fcb5deba96cfbe6aaf201adaf517a8c33612992e3c73a7392210e4f2e33d8fe7"
dependencies = [
 "arrayvec",
 "either",
 "itertools",
 "once_cell",
 "ra_ap_base_db",
 "ra_ap_cfg",
 "ra_ap_hir_def",
 "ra_ap_hir_expand",
 "ra_ap_hir_ty",
 "ra_ap_profile",
 "ra_ap_stdx",
 "ra_ap_syntax",
 "ra_ap_tt",
 "rustc-hash",
 "smallvec",
]

[[package]]
name = "ra_ap_hir_def"
version = "0.0.149"
source = "registry+https://github.com/rust-lang/crates.io-index"
checksum = "3bf83641e085c8d038e8c68338b74dd69233d48fc82ff552dfb68bef2194d37f"
dependencies = [
 "anymap",
 "arrayvec",
 "bitflags",
 "cov-mark",
 "dashmap",
 "drop_bomb",
 "either",
 "fst",
 "hashbrown",
 "hkalbasi-rustc-ap-rustc_abi",
 "hkalbasi-rustc-ap-rustc_index",
 "indexmap",
 "itertools",
 "once_cell",
 "ra_ap_base_db",
 "ra_ap_cfg",
 "ra_ap_hir_expand",
 "ra_ap_intern",
 "ra_ap_la-arena",
 "ra_ap_limit",
 "ra_ap_mbe",
 "ra_ap_profile",
 "ra_ap_stdx",
 "ra_ap_syntax",
 "ra_ap_tt",
 "rustc-hash",
 "smallvec",
 "tracing",
]

[[package]]
name = "ra_ap_hir_expand"
version = "0.0.149"
source = "registry+https://github.com/rust-lang/crates.io-index"
checksum = "715af793bb64b9771e82a797ceb7aa89ed32c523638cebbc5e538b69106fea7d"
dependencies = [
 "cov-mark",
 "either",
 "hashbrown",
 "itertools",
 "ra_ap_base_db",
 "ra_ap_cfg",
 "ra_ap_intern",
 "ra_ap_la-arena",
 "ra_ap_limit",
 "ra_ap_mbe",
 "ra_ap_profile",
 "ra_ap_stdx",
 "ra_ap_syntax",
 "ra_ap_tt",
 "rustc-hash",
 "smallvec",
 "tracing",
]

[[package]]
name = "ra_ap_hir_ty"
version = "0.0.149"
source = "registry+https://github.com/rust-lang/crates.io-index"
checksum = "bd778cfcfbd35b39c682143050db4448668d377a18fae64f3cae377dd0ae01bc"
dependencies = [
 "arrayvec",
 "bitflags",
 "chalk-derive",
 "chalk-ir",
 "chalk-recursive",
 "chalk-solve",
 "cov-mark",
 "ena",
 "hkalbasi-rustc-ap-rustc_index",
 "itertools",
 "once_cell",
 "ra_ap_base_db",
 "ra_ap_hir_def",
 "ra_ap_hir_expand",
 "ra_ap_intern",
 "ra_ap_la-arena",
 "ra_ap_limit",
 "ra_ap_profile",
 "ra_ap_stdx",
 "ra_ap_syntax",
 "rustc-hash",
 "scoped-tls",
 "smallvec",
 "tracing",
 "typed-arena",
]

[[package]]
name = "ra_ap_ide"
version = "0.0.149"
source = "registry+https://github.com/rust-lang/crates.io-index"
checksum = "4392239e8d0f5ecd0c96994370d353b46257692e23f3e15598612c5a9d2a9294"
dependencies = [
 "cov-mark",
 "crossbeam-channel",
 "dot",
 "either",
 "itertools",
 "oorandom",
 "pulldown-cmark",
 "pulldown-cmark-to-cmark",
 "ra_ap_cfg",
 "ra_ap_hir",
 "ra_ap_ide_assists",
 "ra_ap_ide_completion",
 "ra_ap_ide_db",
 "ra_ap_ide_diagnostics",
 "ra_ap_ide_ssr",
 "ra_ap_profile",
 "ra_ap_stdx",
 "ra_ap_syntax",
 "ra_ap_text_edit",
 "ra_ap_toolchain",
 "smallvec",
 "tracing",
 "url",
]

[[package]]
name = "ra_ap_ide_assists"
version = "0.0.149"
source = "registry+https://github.com/rust-lang/crates.io-index"
checksum = "0bd28e7538b7cfe283d700876da1d3d0e78904868a6cb273e8c2a3b770939521"
dependencies = [
 "cov-mark",
 "either",
 "itertools",
 "ra_ap_hir",
 "ra_ap_ide_db",
 "ra_ap_profile",
 "ra_ap_stdx",
 "ra_ap_syntax",
 "ra_ap_text_edit",
 "smallvec",
]

[[package]]
name = "ra_ap_ide_completion"
version = "0.0.149"
source = "registry+https://github.com/rust-lang/crates.io-index"
checksum = "009b78e07d390f8687b6ac6868ab44ed82b2efdcc553781f060769ae7ab55b25"
dependencies = [
 "cov-mark",
 "itertools",
 "once_cell",
 "ra_ap_base_db",
 "ra_ap_hir",
 "ra_ap_ide_db",
 "ra_ap_profile",
 "ra_ap_stdx",
 "ra_ap_syntax",
 "ra_ap_text_edit",
 "smallvec",
]

[[package]]
name = "ra_ap_ide_db"
version = "0.0.149"
source = "registry+https://github.com/rust-lang/crates.io-index"
checksum = "eed6ce36a85b52ef486a86ca060e5c00277ea78168182cb58d511b17411ead83"
dependencies = [
 "arrayvec",
 "cov-mark",
 "either",
 "fst",
 "indexmap",
 "itertools",
 "memchr",
 "once_cell",
 "ra_ap_base_db",
 "ra_ap_hir",
 "ra_ap_limit",
 "ra_ap_parser",
 "ra_ap_profile",
 "ra_ap_stdx",
 "ra_ap_syntax",
 "ra_ap_text_edit",
 "rayon",
 "rustc-hash",
 "tracing",
]

[[package]]
name = "ra_ap_ide_diagnostics"
version = "0.0.149"
source = "registry+https://github.com/rust-lang/crates.io-index"
checksum = "7f99e3854ea93cba0527b1a88aa5a4194e7c06eccd725189f354bb338acdfe00"
dependencies = [
 "cov-mark",
 "either",
 "itertools",
 "ra_ap_cfg",
 "ra_ap_hir",
 "ra_ap_ide_db",
 "ra_ap_profile",
 "ra_ap_stdx",
 "ra_ap_syntax",
 "ra_ap_text_edit",
 "serde_json",
]

[[package]]
name = "ra_ap_ide_ssr"
version = "0.0.149"
source = "registry+https://github.com/rust-lang/crates.io-index"
checksum = "e18bf9241d42b79626b6bdbe21a33befd68ac3cc311c7e674e7cecde34f0da13"
dependencies = [
 "cov-mark",
 "itertools",
 "ra_ap_hir",
 "ra_ap_ide_db",
 "ra_ap_parser",
 "ra_ap_stdx",
 "ra_ap_syntax",
 "ra_ap_text_edit",
]

[[package]]
name = "ra_ap_intern"
version = "0.0.149"
source = "registry+https://github.com/rust-lang/crates.io-index"
checksum = "27b76a994e672adabefa4cebbb1e8f8994c20c17f628fd2574f944a132f1e4d0"
dependencies = [
 "dashmap",
 "hashbrown",
 "once_cell",
 "rustc-hash",
]

[[package]]
name = "ra_ap_la-arena"
version = "0.0.149"
source = "registry+https://github.com/rust-lang/crates.io-index"
checksum = "9b4a0c80c6019507c485ee321058ffcc9f975a17192a7575a363d2f2e235a832"

[[package]]
name = "ra_ap_limit"
version = "0.0.149"
source = "registry+https://github.com/rust-lang/crates.io-index"
checksum = "f4e78afcbf32928cd9c4e80a3ca9a5d3fbfd4a6a3199b8e3db07cad94862d463"

[[package]]
name = "ra_ap_mbe"
version = "0.0.149"
source = "registry+https://github.com/rust-lang/crates.io-index"
checksum = "12b35646d9d2836957edcd171d9f28ff1b9cc0203e20bc69531acf41bb063b49"
dependencies = [
 "cov-mark",
 "ra_ap_parser",
 "ra_ap_stdx",
 "ra_ap_syntax",
 "ra_ap_tt",
 "rustc-hash",
 "smallvec",
 "tracing",
]

[[package]]
name = "ra_ap_parser"
version = "0.0.149"
source = "registry+https://github.com/rust-lang/crates.io-index"
checksum = "13fca12584b7d616b9a64af2d4cf103757f255e9e98354f347fbe23b1db13868"
dependencies = [
 "drop_bomb",
 "ra_ap_limit",
 "rustc-ap-rustc_lexer",
]

[[package]]
name = "ra_ap_paths"
version = "0.0.149"
source = "registry+https://github.com/rust-lang/crates.io-index"
checksum = "d780b450680460bd7ea3e2483dcf15a3ac0ce0ec028696caa342c577d65e5506"

[[package]]
name = "ra_ap_profile"
version = "0.0.149"
source = "registry+https://github.com/rust-lang/crates.io-index"
checksum = "e400f2df7f3da4439a58981ee223395beed88a86c7dc93a989a36b4a860c36cc"
dependencies = [
 "cfg-if",
 "countme",
 "libc",
 "once_cell",
 "perf-event",
 "ra_ap_la-arena",
 "winapi",
]

[[package]]
name = "ra_ap_project_model"
version = "0.0.149"
source = "registry+https://github.com/rust-lang/crates.io-index"
checksum = "b5468f2f6cfb4bc6bc1c5507b6bc251905a515c05b089785914d057503167cf3"
dependencies = [
 "anyhow",
 "cargo_metadata",
 "ra_ap_base_db",
 "ra_ap_cfg",
 "ra_ap_la-arena",
 "ra_ap_paths",
 "ra_ap_profile",
 "ra_ap_stdx",
 "ra_ap_toolchain",
 "rustc-hash",
 "semver",
 "serde",
 "serde_json",
 "tracing",
]

[[package]]
name = "ra_ap_stdx"
version = "0.0.149"
source = "registry+https://github.com/rust-lang/crates.io-index"
checksum = "d776542bf771f4fdf40c21ced864bf213924d8a60d580c970715818471ebd74c"
dependencies = [
 "always-assert",
 "libc",
 "miow",
 "winapi",
]

[[package]]
name = "ra_ap_syntax"
version = "0.0.149"
source = "registry+https://github.com/rust-lang/crates.io-index"
checksum = "45a20b080e1f71cde39e7dd986e56c9dea52be5639875ecf713f60412f337a41"
dependencies = [
 "cov-mark",
 "indexmap",
 "itertools",
 "once_cell",
 "ra_ap_parser",
 "ra_ap_profile",
 "ra_ap_stdx",
 "ra_ap_text_edit",
 "rowan",
 "rustc-ap-rustc_lexer",
 "rustc-hash",
 "smol_str",
]

[[package]]
name = "ra_ap_test_utils"
version = "0.0.149"
source = "registry+https://github.com/rust-lang/crates.io-index"
checksum = "f418160da780b9ed778af27aca37632cdafcdc2b9a33efbb964c33b72f6fe0ee"
dependencies = [
 "dissimilar",
 "ra_ap_profile",
 "ra_ap_stdx",
 "rustc-hash",
 "text-size",
]

[[package]]
name = "ra_ap_text_edit"
version = "0.0.149"
source = "registry+https://github.com/rust-lang/crates.io-index"
checksum = "d18158c7690e2d0b9d7d1e708db9838628063ce7c7c6e5abe3cae4df30da4721"
dependencies = [
 "itertools",
 "text-size",
]

[[package]]
name = "ra_ap_toolchain"
version = "0.0.149"
source = "registry+https://github.com/rust-lang/crates.io-index"
checksum = "18b9b9c66352b3c4cf36c88cb1d8083305cd7194baa4dce7c5b5fb0ddd2b1e39"
dependencies = [
 "home",
]

[[package]]
name = "ra_ap_tt"
version = "0.0.149"
source = "registry+https://github.com/rust-lang/crates.io-index"
checksum = "2178f2c74ed554007a684998b5e6e2a24a8cd878b4e1e58a791bd6f0a36bd3e9"
dependencies = [
 "ra_ap_stdx",
 "smol_str",
]

[[package]]
name = "ra_ap_vfs"
version = "0.0.149"
source = "registry+https://github.com/rust-lang/crates.io-index"
checksum = "e8cd60adecd0947e1dd41a3077713381aa0cdcba6dc8777300d7d5b83b9fbe84"
dependencies = [
 "fst",
 "indexmap",
 "ra_ap_paths",
 "ra_ap_stdx",
 "rustc-hash",
]

[[package]]
name = "ra_ap_vfs-notify"
version = "0.0.149"
source = "registry+https://github.com/rust-lang/crates.io-index"
checksum = "a680f2dbd796844ebeaa2a4d01ae209f412ddc2981f6512ab8bc9b471156e6cd"
dependencies = [
 "crossbeam-channel",
 "jod-thread",
 "notify",
 "ra_ap_paths",
 "ra_ap_vfs",
 "tracing",
 "walkdir",
]

[[package]]
name = "rayon"
version = "1.5.3"
source = "registry+https://github.com/rust-lang/crates.io-index"
checksum = "bd99e5772ead8baa5215278c9b15bf92087709e9c1b2d1f97cdb5a183c933a7d"
dependencies = [
 "autocfg",
 "crossbeam-deque",
 "either",
 "rayon-core",
]

[[package]]
name = "rayon-core"
version = "1.9.2"
source = "registry+https://github.com/rust-lang/crates.io-index"
checksum = "9f51245e1e62e1f1629cbfec37b5793bbabcaeb90f30e94d2ba03564687353e4"
dependencies = [
 "crossbeam-channel",
 "crossbeam-deque",
 "crossbeam-utils",
 "num_cpus",
]

[[package]]
name = "redox_syscall"
version = "0.2.13"
source = "registry+https://github.com/rust-lang/crates.io-index"
checksum = "62f25bc4c7e55e0b0b7a1d43fb893f4fa1361d0abe38b9ce4f323c2adfe6ef42"
dependencies = [
 "bitflags",
]

[[package]]
name = "rowan"
version = "0.15.11"
source = "registry+https://github.com/rust-lang/crates.io-index"
checksum = "64449cfef9483a475ed56ae30e2da5ee96448789fb2aa240a04beb6a055078bf"
dependencies = [
 "countme",
 "hashbrown",
 "memoffset 0.8.0",
 "rustc-hash",
 "text-size",
]

[[package]]
name = "rustc-ap-rustc_lexer"
version = "725.0.0"
source = "registry+https://github.com/rust-lang/crates.io-index"
checksum = "f950742ef8a203aa7661aad3ab880438ddeb7f95d4b837c30d65db1a2c5df68e"
dependencies = [
 "unicode-xid",
]

[[package]]
name = "rustc-hash"
version = "1.1.0"
source = "registry+https://github.com/rust-lang/crates.io-index"
checksum = "08d43f7aa6b08d49f382cde6a7982047c3426db949b1424bc4b7ec9ae12c6ce2"

[[package]]
name = "rustix"
version = "0.37.5"
source = "registry+https://github.com/rust-lang/crates.io-index"
checksum = "0e78cc525325c06b4a7ff02db283472f3c042b7ff0c391f96c6d5ac6f4f91b75"
dependencies = [
 "bitflags",
 "errno",
 "io-lifetimes",
 "libc",
 "linux-raw-sys",
 "windows-sys 0.45.0",
]

[[package]]
name = "ryu"
version = "1.0.9"
source = "registry+https://github.com/rust-lang/crates.io-index"
checksum = "73b4b750c782965c211b42f022f59af1fbceabdd026623714f104152f1ec149f"

[[package]]
name = "salsa"
version = "0.17.0-pre.2"
source = "registry+https://github.com/rust-lang/crates.io-index"
checksum = "9b223dccb46c32753144d0b51290da7230bb4aedcd8379d6b4c9a474c18bf17a"
dependencies = [
 "crossbeam-utils",
 "indexmap",
 "lock_api",
 "log",
 "oorandom",
 "parking_lot",
 "rustc-hash",
 "salsa-macros",
 "smallvec",
]

[[package]]
name = "salsa-macros"
version = "0.17.0-pre.2"
source = "registry+https://github.com/rust-lang/crates.io-index"
checksum = "ac6c2e352df550bf019da7b16164ed2f7fa107c39653d1311d1bba42d1582ff7"
dependencies = [
 "heck 0.3.3",
 "proc-macro2",
 "quote",
 "syn 1.0.91",
]

[[package]]
name = "same-file"
version = "1.0.6"
source = "registry+https://github.com/rust-lang/crates.io-index"
checksum = "93fc1dc3aaa9bfed95e02e6eadabb4baf7e3078b0bd1b4d7b6b0b68378900502"
dependencies = [
 "winapi-util",
]

[[package]]
name = "scoped-tls"
version = "1.0.0"
source = "registry+https://github.com/rust-lang/crates.io-index"
checksum = "ea6a9290e3c9cf0f18145ef7ffa62d68ee0bf5fcd651017e586dc7fd5da448c2"

[[package]]
name = "scopeguard"
version = "1.1.0"
source = "registry+https://github.com/rust-lang/crates.io-index"
checksum = "d29ab0c6d3fc0ee92fe66e2d99f700eab17a8d57d1c1d3b748380fb20baa78cd"

[[package]]
name = "semver"
version = "1.0.17"
source = "registry+https://github.com/rust-lang/crates.io-index"
checksum = "bebd363326d05ec3e2f532ab7660680f3b02130d780c299bca73469d521bc0ed"
dependencies = [
 "serde",
]

[[package]]
name = "serde"
version = "1.0.159"
source = "registry+https://github.com/rust-lang/crates.io-index"
checksum = "3c04e8343c3daeec41f58990b9d77068df31209f2af111e059e9fe9646693065"
dependencies = [
 "serde_derive",
]

[[package]]
name = "serde_derive"
version = "1.0.159"
source = "registry+https://github.com/rust-lang/crates.io-index"
checksum = "4c614d17805b093df4b147b51339e7e44bf05ef59fba1e45d83500bcfb4d8585"
dependencies = [
 "proc-macro2",
 "quote",
 "syn 2.0.11",
]

[[package]]
name = "serde_json"
version = "1.0.95"
source = "registry+https://github.com/rust-lang/crates.io-index"
checksum = "d721eca97ac802aa7777b701877c8004d950fc142651367300d21c1cc0194744"
dependencies = [
 "itoa",
 "ryu",
 "serde",
]

[[package]]
name = "serde_spanned"
version = "0.6.1"
source = "registry+https://github.com/rust-lang/crates.io-index"
checksum = "0efd8caf556a6cebd3b285caf480045fcc1ac04f6bd786b09a6f11af30c4fcf4"
dependencies = [
 "serde",
]

[[package]]
name = "smallvec"
version = "1.10.0"
source = "registry+https://github.com/rust-lang/crates.io-index"
checksum = "a507befe795404456341dfab10cef66ead4c041f62b8b11bbb92bffe5d0953e0"

[[package]]
name = "smol_str"
version = "0.1.23"
source = "registry+https://github.com/rust-lang/crates.io-index"
checksum = "7475118a28b7e3a2e157ce0131ba8c5526ea96e90ee601d9f6bb2e286a35ab44"
dependencies = [
 "serde",
]

[[package]]
name = "strsim"
version = "0.10.0"
source = "registry+https://github.com/rust-lang/crates.io-index"
checksum = "73473c0e59e6d5812c5dfe2a064a6444949f089e20eec9a2e5506596494e4623"

[[package]]
name = "syn"
version = "1.0.91"
source = "registry+https://github.com/rust-lang/crates.io-index"
checksum = "b683b2b825c8eef438b77c36a06dc262294da3d5a5813fac20da149241dcd44d"
dependencies = [
 "proc-macro2",
 "quote",
 "unicode-xid",
]

[[package]]
name = "syn"
version = "2.0.11"
source = "registry+https://github.com/rust-lang/crates.io-index"
checksum = "21e3787bb71465627110e7d87ed4faaa36c1f61042ee67badb9e2ef173accc40"
dependencies = [
 "proc-macro2",
 "quote",
 "unicode-ident",
]

[[package]]
name = "synstructure"
version = "0.12.6"
source = "registry+https://github.com/rust-lang/crates.io-index"
checksum = "f36bdaa60a83aca3921b5259d5400cbf5e90fc51931376a9bd4a0eb79aa7210f"
dependencies = [
 "proc-macro2",
 "quote",
 "syn 1.0.91",
 "unicode-xid",
]

[[package]]
name = "text-size"
version = "1.1.0"
source = "registry+https://github.com/rust-lang/crates.io-index"
checksum = "288cb548dbe72b652243ea797201f3d481a0609a967980fcc5b2315ea811560a"

[[package]]
name = "tinyvec"
version = "1.5.1"
source = "registry+https://github.com/rust-lang/crates.io-index"
checksum = "2c1c1d5a42b6245520c249549ec267180beaffcc0615401ac8e31853d4b6d8d2"
dependencies = [
 "tinyvec_macros",
]

[[package]]
name = "tinyvec_macros"
version = "0.1.0"
source = "registry+https://github.com/rust-lang/crates.io-index"
checksum = "cda74da7e1a664f795bb1f8a87ec406fb89a02522cf6e50620d016add6dbbf5c"

[[package]]
name = "toml"
version = "0.7.3"
source = "registry+https://github.com/rust-lang/crates.io-index"
checksum = "b403acf6f2bb0859c93c7f0d967cb4a75a7ac552100f9322faf64dc047669b21"
dependencies = [
 "serde",
 "serde_spanned",
 "toml_datetime",
 "toml_edit",
]

[[package]]
name = "toml_datetime"
version = "0.6.1"
source = "registry+https://github.com/rust-lang/crates.io-index"
checksum = "3ab8ed2edee10b50132aed5f331333428b011c99402b5a534154ed15746f9622"
dependencies = [
 "serde",
]

[[package]]
name = "toml_edit"
version = "0.19.8"
source = "registry+https://github.com/rust-lang/crates.io-index"
checksum = "239410c8609e8125456927e6707163a3b1fdb40561e4b803bc041f466ccfdc13"
dependencies = [
 "indexmap",
 "serde",
 "serde_spanned",
 "toml_datetime",
 "winnow",
]

[[package]]
name = "tracing"
version = "0.1.35"
source = "registry+https://github.com/rust-lang/crates.io-index"
checksum = "a400e31aa60b9d44a52a8ee0343b5b18566b03a8321e0d321f695cf56e940160"
dependencies = [
 "cfg-if",
 "pin-project-lite",
 "tracing-attributes",
 "tracing-core",
]

[[package]]
name = "tracing-attributes"
version = "0.1.20"
source = "registry+https://github.com/rust-lang/crates.io-index"
checksum = "2e65ce065b4b5c53e73bb28912318cb8c9e9ad3921f1d669eb0e68b4c8143a2b"
dependencies = [
 "proc-macro2",
 "quote",
 "syn 1.0.91",
]

[[package]]
name = "tracing-core"
version = "0.1.28"
source = "registry+https://github.com/rust-lang/crates.io-index"
checksum = "7b7358be39f2f274f322d2aaed611acc57f382e8eb1e5b48cb9ae30933495ce7"
dependencies = [
 "once_cell",
]

[[package]]
name = "typed-arena"
version = "2.0.1"
source = "registry+https://github.com/rust-lang/crates.io-index"
checksum = "0685c84d5d54d1c26f7d3eb96cd41550adb97baed141a761cf335d3d33bcd0ae"

[[package]]
name = "unicase"
version = "2.6.0"
source = "registry+https://github.com/rust-lang/crates.io-index"
checksum = "50f37be617794602aabbeee0be4f259dc1778fabe05e2d67ee8f79326d5cb4f6"
dependencies = [
 "version_check",
]

[[package]]
name = "unicode-bidi"
version = "0.3.7"
source = "registry+https://github.com/rust-lang/crates.io-index"
checksum = "1a01404663e3db436ed2746d9fefef640d868edae3cceb81c3b8d5732fda678f"

[[package]]
name = "unicode-ident"
version = "1.0.8"
source = "registry+https://github.com/rust-lang/crates.io-index"
checksum = "e5464a87b239f13a63a501f2701565754bae92d243d4bb7eb12f6d57d2269bf4"

[[package]]
name = "unicode-normalization"
version = "0.1.19"
source = "registry+https://github.com/rust-lang/crates.io-index"
checksum = "d54590932941a9e9266f0832deed84ebe1bf2e4c9e4a3554d393d18f5e854bf9"
dependencies = [
 "tinyvec",
]

[[package]]
name = "unicode-segmentation"
version = "1.9.0"
source = "registry+https://github.com/rust-lang/crates.io-index"
checksum = "7e8820f5d777f6224dc4be3632222971ac30164d4a258d595640799554ebfd99"

[[package]]
name = "unicode-xid"
version = "0.2.2"
source = "registry+https://github.com/rust-lang/crates.io-index"
checksum = "8ccb82d61f80a663efe1f787a51b16b5a51e3314d6ac365b08639f52387b33f3"

[[package]]
name = "url"
version = "2.3.1"
source = "registry+https://github.com/rust-lang/crates.io-index"
checksum = "0d68c799ae75762b8c3fe375feb6600ef5602c883c5d21eb51c09f22b83c4643"
dependencies = [
 "form_urlencoded",
 "idna",
 "percent-encoding",
]

[[package]]
name = "utf8parse"
version = "0.2.1"
source = "registry+https://github.com/rust-lang/crates.io-index"
checksum = "711b9620af191e0cdc7468a8d14e709c3dcdb115b36f838e601583af800a370a"

[[package]]
name = "version_check"
version = "0.9.4"
source = "registry+https://github.com/rust-lang/crates.io-index"
checksum = "49874b5167b65d7193b8aba1567f5c7d93d001cafc34600cee003eda787e483f"

[[package]]
name = "walkdir"
version = "2.3.2"
source = "registry+https://github.com/rust-lang/crates.io-index"
checksum = "808cf2735cd4b6866113f648b791c6adc5714537bc222d9347bb203386ffda56"
dependencies = [
 "same-file",
 "winapi",
 "winapi-util",
]

[[package]]
name = "wasi"
version = "0.11.0+wasi-snapshot-preview1"
source = "registry+https://github.com/rust-lang/crates.io-index"
checksum = "9c8d87e72b64a3b4db28d11ce29237c246188f4f51057d65a7eab63b7987e423"

[[package]]
name = "winapi"
version = "0.3.9"
source = "registry+https://github.com/rust-lang/crates.io-index"
checksum = "5c839a674fcd7a98952e593242ea400abe93992746761e38641405d28b00f419"
dependencies = [
 "winapi-i686-pc-windows-gnu",
 "winapi-x86_64-pc-windows-gnu",
]

[[package]]
name = "winapi-i686-pc-windows-gnu"
version = "0.4.0"
source = "registry+https://github.com/rust-lang/crates.io-index"
checksum = "ac3b87c63620426dd9b991e5ce0329eff545bccbbb34f3be09ff6fb6ab51b7b6"

[[package]]
name = "winapi-util"
version = "0.1.5"
source = "registry+https://github.com/rust-lang/crates.io-index"
checksum = "70ec6ce85bb158151cae5e5c87f95a8e97d2c0c4b001223f33a334e3ce5de178"
dependencies = [
 "winapi",
]

[[package]]
name = "winapi-x86_64-pc-windows-gnu"
version = "0.4.0"
source = "registry+https://github.com/rust-lang/crates.io-index"
checksum = "712e227841d057c1ee1cd2fb22fa7e5a5461ae8e48fa2ca79ec42cfc1931183f"

[[package]]
name = "windows-sys"
version = "0.36.1"
source = "registry+https://github.com/rust-lang/crates.io-index"
checksum = "ea04155a16a59f9eab786fe12a4a450e75cdb175f9e0d80da1e17db09f55b8d2"
dependencies = [
 "windows_aarch64_msvc 0.36.1",
 "windows_i686_gnu 0.36.1",
 "windows_i686_msvc 0.36.1",
 "windows_x86_64_gnu 0.36.1",
 "windows_x86_64_msvc 0.36.1",
]

[[package]]
name = "windows-sys"
version = "0.42.0"
source = "registry+https://github.com/rust-lang/crates.io-index"
checksum = "5a3e1820f08b8513f676f7ab6c1f99ff312fb97b553d30ff4dd86f9f15728aa7"
dependencies = [
 "windows_aarch64_gnullvm",
 "windows_aarch64_msvc 0.42.2",
 "windows_i686_gnu 0.42.2",
 "windows_i686_msvc 0.42.2",
 "windows_x86_64_gnu 0.42.2",
 "windows_x86_64_gnullvm",
 "windows_x86_64_msvc 0.42.2",
]

[[package]]
name = "windows-sys"
version = "0.45.0"
source = "registry+https://github.com/rust-lang/crates.io-index"
checksum = "75283be5efb2831d37ea142365f009c02ec203cd29a3ebecbc093d52315b66d0"
dependencies = [
 "windows-targets",
]

[[package]]
name = "windows-targets"
version = "0.42.2"
source = "registry+https://github.com/rust-lang/crates.io-index"
checksum = "8e5180c00cd44c9b1c88adb3693291f1cd93605ded80c250a75d472756b4d071"
dependencies = [
 "windows_aarch64_gnullvm",
 "windows_aarch64_msvc 0.42.2",
 "windows_i686_gnu 0.42.2",
 "windows_i686_msvc 0.42.2",
 "windows_x86_64_gnu 0.42.2",
 "windows_x86_64_gnullvm",
 "windows_x86_64_msvc 0.42.2",
]

[[package]]
name = "windows_aarch64_gnullvm"
version = "0.42.2"
source = "registry+https://github.com/rust-lang/crates.io-index"
checksum = "597a5118570b68bc08d8d59125332c54f1ba9d9adeedeef5b99b02ba2b0698f8"

[[package]]
name = "windows_aarch64_msvc"
version = "0.36.1"
source = "registry+https://github.com/rust-lang/crates.io-index"
checksum = "9bb8c3fd39ade2d67e9874ac4f3db21f0d710bee00fe7cab16949ec184eeaa47"

[[package]]
name = "windows_aarch64_msvc"
version = "0.42.2"
source = "registry+https://github.com/rust-lang/crates.io-index"
checksum = "e08e8864a60f06ef0d0ff4ba04124db8b0fb3be5776a5cd47641e942e58c4d43"

[[package]]
name = "windows_i686_gnu"
version = "0.36.1"
source = "registry+https://github.com/rust-lang/crates.io-index"
checksum = "180e6ccf01daf4c426b846dfc66db1fc518f074baa793aa7d9b9aaeffad6a3b6"

[[package]]
name = "windows_i686_gnu"
version = "0.42.2"
source = "registry+https://github.com/rust-lang/crates.io-index"
checksum = "c61d927d8da41da96a81f029489353e68739737d3beca43145c8afec9a31a84f"

[[package]]
name = "windows_i686_msvc"
version = "0.36.1"
source = "registry+https://github.com/rust-lang/crates.io-index"
checksum = "e2e7917148b2812d1eeafaeb22a97e4813dfa60a3f8f78ebe204bcc88f12f024"

[[package]]
name = "windows_i686_msvc"
version = "0.42.2"
source = "registry+https://github.com/rust-lang/crates.io-index"
checksum = "44d840b6ec649f480a41c8d80f9c65108b92d89345dd94027bfe06ac444d1060"

[[package]]
name = "windows_x86_64_gnu"
version = "0.36.1"
source = "registry+https://github.com/rust-lang/crates.io-index"
checksum = "4dcd171b8776c41b97521e5da127a2d86ad280114807d0b2ab1e462bc764d9e1"

[[package]]
name = "windows_x86_64_gnu"
version = "0.42.2"
source = "registry+https://github.com/rust-lang/crates.io-index"
checksum = "8de912b8b8feb55c064867cf047dda097f92d51efad5b491dfb98f6bbb70cb36"

[[package]]
name = "windows_x86_64_gnullvm"
version = "0.42.2"
source = "registry+https://github.com/rust-lang/crates.io-index"
checksum = "26d41b46a36d453748aedef1486d5c7a85db22e56aff34643984ea85514e94a3"

[[package]]
name = "windows_x86_64_msvc"
version = "0.36.1"
source = "registry+https://github.com/rust-lang/crates.io-index"
checksum = "c811ca4a8c853ef420abd8592ba53ddbbac90410fab6903b3e79972a631f7680"

[[package]]
name = "windows_x86_64_msvc"
version = "0.42.2"
source = "registry+https://github.com/rust-lang/crates.io-index"
checksum = "9aec5da331524158c6d1a4ac0ab1541149c0b9505fde06423b02f5ef0106b9f0"

[[package]]
name = "winnow"
version = "0.4.1"
source = "registry+https://github.com/rust-lang/crates.io-index"
checksum = "ae8970b36c66498d8ff1d66685dc86b91b29db0c7739899012f63a63814b4b28"
dependencies = [
 "memchr",
]
